PODS:
  - ChameleonFramework (1.2.1):
    - ChameleonFramework/Default (= 1.2.1)
  - ChameleonFramework/Default (1.2.1)
  - MZTimerLabel (0.5.4)
  - youtube-ios-player-helper (0.1.3)

DEPENDENCIES:
  - ChameleonFramework
  - MZTimerLabel
  - youtube-ios-player-helper (~> 0.1.3)

SPEC CHECKSUMS:
  ChameleonFramework: 3476f813ac1615aef0a9a958f05520dfca47e09d
  MZTimerLabel: cd9bfb9304540ef2a9e163384fca9c978f0dbf83
  youtube-ios-player-helper: fccae0f10449976a025a95328e3c42ab521f93cb

COCOAPODS: 0.38.2
